
Microsoft Visual Studio Solution File, Format Version 12.00
# Visual Studio Version 16
VisualStudioVersion = 16.0.31129.286
MinimumVisualStudioVersion = 10.0.40219.1
Project("{FAE04EC0-301F-11D3-BF4B-00C04F79EFBC}") = "MvcMovie", "MvcMovie\MvcMovie.csproj", "{03F5C557-6DC2-4E79-9EC4-B2F21D9AE95F}"
EndProject
Global
	GlobalSection(SolutionConfigurationPlatforms) = preSolution
		Debug|Any CPU = Debug|Any CPU
		Release|Any CPU = Release|Any CPU
	EndGlobalSection
	GlobalSection(ProjectConfigurationPlatforms) = postSolution
		{03F5C557-6DC2-4E79-9EC4-B2F21D9AE95F}.Debug|Any CPU.ActiveCfg = Debug|Any CPU
		{03F5C557-6DC2-4E79-9EC4-B2F21D9AE95F}.Debug|Any CPU.Build.0 = Debug|Any CPU
		{03F5C557-6DC2-4E79-9EC4-B2F21D9AE95F}.Release|Any CPU.ActiveCfg = Release|Any CPU
		{03F5C557-6DC2-4E79-9EC4-B2F21D9AE95F}.Release|Any CPU.Build.0 = Release|Any CPU
	EndGlobalSection
	GlobalSection(SolutionProperties) = preSolution
		HideSolutionNode = FALSE
	EndGlobalSection
	GlobalSection(ExtensibilityGlobals) = postSolution
		SolutionGuid = {827E974E-43E7-4609-A203-0069BE48F271}
	EndGlobalSection
EndGlobal
